# THIS IS AN AUTOGENERATED FILE. DO NOT EDIT THIS FILE DIRECTLY.
# yarn lockfile v1


three-orbitcontrols-ts@^0.1.2:
  version "0.1.2"
  resolved "https://registry.nlark.com/three-orbitcontrols-ts/download/three-orbitcontrols-ts-0.1.2.tgz#2040955904022ae19c2e9c52ffdff43168658abd"
  integrity sha1-IECVWQQCKuGcLpxS/9/0MWhlir0=
  dependencies:
    three "^0.83.0"

three@^0.130.1:
  version "0.130.1"
  resolved "https://registry.nlark.com/three/download/three-0.130.1.tgz#797588b2877ace31603bbbc864eb2e3022f0b3b4"
  integrity sha1-eXWIsod6zjFgO7vIZOsuMCLws7Q=

three@^0.83.0:
  version "0.83.0"
  resolved "https://registry.nlark.com/three/download/three-0.83.0.tgz#3b7f94790af3e021dac1f44a2617569ca2032b0b"
  integrity sha1-O3+UeQrz4CHawfRKJhdWnKIDKws=
